<?xml version="1.0" encoding="utf-8"?>
<Project ToolsVersion="4.0" xmlns="http://schemas.microsoft.com/developer/msbuild/2003">
  <ItemGroup>
    <Filter Include="Source Files">
      <UniqueIdentifier>{377688c1-7c15-47b9-9a63-ee7247b0d9b5}</UniqueIdentifier>
      <Extensions>cpp;c;cxx;rc;def;r;odl;idl;hpj;bat</Extensions>
    </Filter>
    <Filter Include="Header Files">
      <UniqueIdentifier>{48c1a62a-5cf7-495c-95d8-246e6df36022}</UniqueIdentifier>
      <Extensions>h;hpp;hxx;hm;inl</Extensions>
    </Filter>
    <Filter Include="Resource Files">
      <UniqueIdentifier>{be105cd8-a5ad-4c23-b72e-336940047593}</UniqueIdentifier>
      <Extensions>ico;cur;bmp;dlg;rc2;rct;bin;rgs;gif;jpg;jpeg;jpe</Extensions>
    </Filter>
  </ItemGroup>
  <ItemGroup>
    <Text Include="ReadMe.txt" />
  </ItemGroup>
  <ItemGroup>
    <Manifest Include="res\windows.manifest" />
  </ItemGroup>
  <ItemGroup>
    <ClInclude Include="include\Packet.h">
      <Filter>Header Files</Filter>
    </ClInclude>
    <ClInclude Include="include\SnifferUI.h">
      <Filter>Header Files</Filter>
    </ClInclude>
    <ClInclude Include="include\SnifferUIDlg.h">
      <Filter>Header Files</Filter>
    </ClInclude>
    <ClInclude Include="include\StdAfx.h">
      <Filter>Header Files</Filter>
    </ClInclude>
    <ClInclude Include="include\ProtocolHeader.h">
      <Filter>Header Files</Filter>
    </ClInclude>
    <ClInclude Include="include\PacketCatcher.h">
      <Filter>Header Files</Filter>
    </ClInclude>
    <ClInclude Include="include\PacketDumper.h">
      <Filter>Header Files</Filter>
    </ClInclude>
    <ClInclude Include="include\PacketPool.h">
      <Filter>Header Files</Filter>
    </ClInclude>
    <ClInclude Include="include\ShortCutDialog.h">
      <Filter>Header Files</Filter>
    </ClInclude>
    <ClInclude Include="include\ThreadParam.h">
      <Filter>Header Files</Filter>
    </ClInclude>
    <ClInclude Include="include\resource.h">
      <Filter>Header Files</Filter>
    </ClInclude>
    <ClInclude Include="include\Global.h">
      <Filter>Header Files</Filter>
    </ClInclude>
  </ItemGroup>
  <ItemGroup>
    <ResourceCompile Include="SnifferUI.rc">
      <Filter>Source Files</Filter>
    </ResourceCompile>
  </ItemGroup>
  <ItemGroup>
    <Image Include="res\SnifferUI.ico">
      <Filter>Resource Files</Filter>
    </Image>
    <Image Include="res\btnStart.bmp">
      <Filter>Resource Files</Filter>
    </Image>
    <Image Include="res\toolbar1.bmp">
      <Filter>Resource Files</Filter>
    </Image>
    <Image Include="res\bitmap1.bmp">
      <Filter>Resource Files</Filter>
    </Image>
    <Image Include="res\net.bmp">
      <Filter>Resource Files</Filter>
    </Image>
    <Image Include="res\open.bmp">
      <Filter>Resource Files</Filter>
    </Image>
    <Image Include="res\saveas.bmp">
      <Filter>Resource Files</Filter>
    </Image>
    <Image Include="res\stop.bmp">
      <Filter>Resource Files</Filter>
    </Image>
    <Image Include="res\btnStop.bmp">
      <Filter>Resource Files</Filter>
    </Image>
    <Image Include="res\filter.bmp">
      <Filter>Resource Files</Filter>
    </Image>
    <Image Include="res\clear.bmp">
      <Filter>Resource Files</Filter>
    </Image>
    <Image Include="res\test.bmp">
      <Filter>Resource Files</Filter>
    </Image>
    <Image Include="res\toolbar2.bmp">
      <Filter>Resource Files</Filter>
    </Image>
    <Image Include="res\dev.bmp">
      <Filter>Resource Files</Filter>
    </Image>
    <Image Include="res\start.bmp">
      <Filter>Resource Files</Filter>
    </Image>
    <Image Include="res\filterlist.bmp">
      <Filter>Resource Files</Filter>
    </Image>
    <Image Include="res\GitHub.bmp">
      <Filter>Resource Files</Filter>
    </Image>
    <Image Include="res\Github.ico">
      <Filter>Resource Files</Filter>
    </Image>
    <Image Include="res\Email.ico">
      <Filter>Resource Files</Filter>
    </Image>
    <Image Include="..\..\Sniffer\SnifferUI\res\filter.bmp">
      <Filter>Resource Files</Filter>
    </Image>
  </ItemGroup>
  <ItemGroup>
    <None Include="res\SnifferUI.rc2">
      <Filter>Resource Files</Filter>
    </None>
    <None Include="ClassDiagram1.cd" />
  </ItemGroup>
  <ItemGroup>
    <ClCompile Include="Packet.cpp">
      <Filter>Source Files</Filter>
    </ClCompile>
    <ClCompile Include="PacketCatcher.cpp">
      <Filter>Source Files</Filter>
    </ClCompile>
    <ClCompile Include="PacketDumper.cpp">
      <Filter>Source Files</Filter>
    </ClCompile>
    <ClCompile Include="PacketPool.cpp">
      <Filter>Source Files</Filter>
    </ClCompile>
    <ClCompile Include="ShortCutDialog.cpp">
      <Filter>Source Files</Filter>
    </ClCompile>
    <ClCompile Include="SnifferUI.cpp">
      <Filter>Source Files</Filter>
    </ClCompile>
    <ClCompile Include="SnifferUIDlg.cpp">
      <Filter>Source Files</Filter>
    </ClCompile>
    <ClCompile Include="StdAfx.cpp">
      <Filter>Source Files</Filter>
    </ClCompile>
    <ClCompile Include="ThreadParam.cpp">
      <Filter>Source Files</Filter>
    </ClCompile>
  </ItemGroup>
</Project>